// !$*UTF8*$!
{
	archiveVersion = 1;
	classes = {
	};
	objectVersion = 50;
	objects = {

/* Begin PBXBuildFile section */
		17CAAEB12695CF94007B4D1A /* DrawingApp.swift in Sources */ = {isa = PBXBuildFile; fileRef = 17CAAEB02695CF94007B4D1A /* DrawingApp.swift */; };
		17CAAEB32695CF94007B4D1A /* ContentView.swift in Sources */ = {isa = PBXBuildFile; fileRef = 17CAAEB22695CF94007B4D1A /* ContentView.swift */; };
		17CAAEB52695CF98007B4D1A /* Assets.xcassets in Resources */ = {isa = PBXBuildFile; fileRef = 17CAAEB42695CF98007B4D1A /* Assets.xcassets */; };
		17CAAEB82695CF98007B4D1A /* Preview Assets.xcassets in Resources */ = {isa = PBXBuildFile; fileRef = 17CAAEB72695CF98007B4D1A /* Preview Assets.xcassets */; };
		17CAAEC026972EC0007B4D1A /* Flower.swift in Sources */ = {isa = PBXBuildFile; fileRef = 17CAAEBF26972EBF007B4D1A /* Flower.swift */; };
		17CAAEC2269735D9007B4D1A /* ColorCyclingCircle.swift in Sources */ = {isa = PBXBuildFile; fileRef = 17CAAEC1269735D9007B4D1A /* ColorCyclingCircle.swift */; };
		17CAAEC426973E79007B4D1A /* Trapezoid.swift in Sources */ = {isa = PBXBuildFile; fileRef = 17CAAEC326973E78007B4D1A /* Trapezoid.swift */; };
		17CAAEC626974021007B4D1A /* Checkerboard.swift in Sources */ = {isa = PBXBuildFile; fileRef = 17CAAEC526974021007B4D1A /* Checkerboard.swift */; };
		17CAAEC8269745DC007B4D1A /* Spirograph.swift in Sources */ = {isa = PBXBuildFile; fileRef = 17CAAEC7269745DC007B4D1A /* Spirograph.swift */; };
		17CAAEDA2699E791007B4D1A /* Arrow.swift in Sources */ = {isa = PBXBuildFile; fileRef = 17CAAED92699E790007B4D1A /* Arrow.swift */; };
		17CAAEDC269A08FD007B4D1A /* ColorCyclingRectangle.swift in Sources */ = {isa = PBXBuildFile; fileRef = 17CAAEDB269A08FD007B4D1A /* ColorCyclingRectangle.swift */; };
/* End PBXBuildFile section */

/* Begin PBXFileReference section */
		17CAAEAD2695CF94007B4D1A /* Drawing.app */ = {isa = PBXFileReference; explicitFileType = wrapper.application; includeInIndex = 0; path = Drawing.app; sourceTree = BUILT_PRODUCTS_DIR; };
		17CAAEB02695CF94007B4D1A /* DrawingApp.swift */ = {isa = PBXFileReference; lastKnownFileType = sourcecode.swift; path = DrawingApp.swift; sourceTree = "<group>"; };
		17CAAEB22695CF94007B4D1A /* ContentView.swift */ = {isa = PBXFileReference; lastKnownFileType = sourcecode.swift; path = ContentView.swift; sourceTree = "<group>"; };
		17CAAEB42695CF98007B4D1A /* Assets.xcassets */ = {isa = PBXFileReference; lastKnownFileType = folder.assetcatalog; path = Assets.xcassets; sourceTree = "<group>"; };
		17CAAEB72695CF98007B4D1A /* Preview Assets.xcassets */ = {isa = PBXFileReference; lastKnownFileType = folder.assetcatalog; path = "Preview Assets.xcassets"; sourceTree = "<group>"; };
		17CAAEB92695CF98007B4D1A /* Info.plist */ = {isa = PBXFileReference; lastKnownFileType = text.plist.xml; path = Info.plist; sourceTree = "<group>"; };
		17CAAEBF26972EBF007B4D1A /* Flower.swift */ = {isa = PBXFileReference; lastKnownFileType = sourcecode.swift; path = Flower.swift; sourceTree = "<group>"; };
		17CAAEC1269735D9007B4D1A /* ColorCyclingCircle.swift */ = {isa = PBXFileReference; lastKnownFileType = sourcecode.swift; path = ColorCyclingCircle.swift; sourceTree = "<group>"; };
		17CAAEC326973E78007B4D1A /* Trapezoid.swift */ = {isa = PBXFileReference; lastKnownFileType = sourcecode.swift; path = Trapezoid.swift; sourceTree = "<group>"; };
		17CAAEC526974021007B4D1A /* Checkerboard.swift */ = {isa = PBXFileReference; lastKnownFileType = sourcecode.swift; path = Checkerboard.swift; sourceTree = "<group>"; };
		17CAAEC7269745DC007B4D1A /* Spirograph.swift */ = {isa = PBXFileReference; lastKnownFileType = sourcecode.swift; path = Spirograph.swift; sourceTree = "<group>"; };
		17CAAED92699E790007B4D1A /* Arrow.swift */ = {isa = PBXFileReference; lastKnownFileType = sourcecode.swift; path = Arrow.swift; sourceTree = "<group>"; };
		17CAAEDB269A08FD007B4D1A /* ColorCyclingRectangle.swift */ = {isa = PBXFileReference; lastKnownFileType = sourcecode.swift; path = ColorCyclingRectangle.swift; sourceTree = "<group>"; };
/* End PBXFileReference section */

/* Begin PBXFrameworksBuildPhase section */
		17CAAEAA2695CF94007B4D1A /* Frameworks */ = {
			isa = PBXFrameworksBuildPhase;
			buildActionMask = 2147483647;
			files = (
			);
			runOnlyForDeploymentPostprocessing = 0;
		};
/* End PBXFrameworksBuildPhase section */

/* Begin PBXGroup section */
		17CAAEA42695CF93007B4D1A = {
			isa = PBXGroup;
			children = (
				17CAAEAF2695CF94007B4D1A /* Drawing */,
				17CAAEAE2695CF94007B4D1A /* Products */,
			);
			sourceTree = "<group>";
		};
		17CAAEAE2695CF94007B4D1A /* Products */ = {
			isa = PBXGroup;
			children = (
				17CAAEAD2695CF94007B4D1A /* Drawing.app */,
			);
			name = Products;
			sourceTree = "<group>";
		};
		17CAAEAF2695CF94007B4D1A /* Drawing */ = {
			isa = PBXGroup;
			children = (
				17CAAEB02695CF94007B4D1A /* DrawingApp.swift */,
				17CAAEB22695CF94007B4D1A /* ContentView.swift */,
				17CAAEB42695CF98007B4D1A /* Assets.xcassets */,
				17CAAEB92695CF98007B4D1A /* Info.plist */,
				17CAAEB62695CF98007B4D1A /* Preview Content */,
				17CAAEBF26972EBF007B4D1A /* Flower.swift */,
				17CAAEC1269735D9007B4D1A /* ColorCyclingCircle.swift */,
				17CAAEC326973E78007B4D1A /* Trapezoid.swift */,
				17CAAEC526974021007B4D1A /* Checkerboard.swift */,
				17CAAEC7269745DC007B4D1A /* Spirograph.swift */,
				17CAAED92699E790007B4D1A /* Arrow.swift */,
				17CAAEDB269A08FD007B4D1A /* ColorCyclingRectangle.swift */,
			);
			path = Drawing;
			sourceTree = "<group>";
		};
		17CAAEB62695CF98007B4D1A /* Preview Content */ = {
			isa = PBXGroup;
			children = (
				17CAAEB72695CF98007B4D1A /* Preview Assets.xcassets */,
			);
			path = "Preview Content";
			sourceTree = "<group>";
		};
/* End PBXGroup section */

/* Begin PBXNativeTarget section */
		17CAAEAC2695CF94007B4D1A /* Drawing */ = {
			isa = PBXNativeTarget;
			buildConfigurationList = 17CAAEBC2695CF98007B4D1A /* Build configuration list for PBXNativeTarget "Drawing" */;
			buildPhases = (
				17CAAEA92695CF94007B4D1A /* Sources */,
				17CAAEAA2695CF94007B4D1A /* Frameworks */,
				17CAAEAB2695CF94007B4D1A /* Resources */,
			);
			buildRules = (
			);
			dependencies = (
			);
			name = Drawing;
			productName = Drawing;
			productReference = 17CAAEAD2695CF94007B4D1A /* Drawing.app */;
			productType = "com.apple.product-type.application";
		};
/* End PBXNativeTarget section */

/* Begin PBXProject section */
		17CAAEA52695CF93007B4D1A /* Project object */ = {
			isa = PBXProject;
			attributes = {
				LastSwiftUpdateCheck = 1250;
				LastUpgradeCheck = 1250;
				TargetAttributes = {
					17CAAEAC2695CF94007B4D1A = {
						CreatedOnToolsVersion = 12.5.1;
					};
				};
			};
			buildConfigurationList = 17CAAEA82695CF93007B4D1A /* Build configuration list for PBXProject "Drawing" */;
			compatibilityVersion = "Xcode 9.3";
			developmentRegion = en;
			hasScannedForEncodings = 0;
			knownRegions = (
				en,
				Base,
			);
			mainGroup = 17CAAEA42695CF93007B4D1A;
			productRefGroup = 17CAAEAE2695CF94007B4D1A /* Products */;
			projectDirPath = "";
			projectRoot = "";
			targets = (
				17CAAEAC2695CF94007B4D1A /* Drawing */,
			);
		};
/* End PBXProject section */

/* Begin PBXResourcesBuildPhase section */
		17CAAEAB2695CF94007B4D1A /* Resources */ = {
			isa = PBXResourcesBuildPhase;
			buildActionMask = 2147483647;
			files = (
				17CAAEB82695CF98007B4D1A /* Preview Assets.xcassets in Resources */,
				17CAAEB52695CF98007B4D1A /* Assets.xcassets in Resources */,
			);
			runOnlyForDeploymentPostprocessing = 0;
		};
/* End PBXResourcesBuildPhase section */

/* Begin PBXSourcesBuildPhase section */
		17CAAEA92695CF94007B4D1A /* Sources */ = {
			isa = PBXSourcesBuildPhase;
			buildActionMask = 2147483647;
			files = (
				17CAAEC626974021007B4D1A /* Checkerboard.swift in Sources */,
				17CAAEDA2699E791007B4D1A /* Arrow.swift in Sources */,
				17CAAEC426973E79007B4D1A /* Trapezoid.swift in Sources */,
				17CAAEDC269A08FD007B4D1A /* ColorCyclingRectangle.swift in Sources */,
				17CAAEB32695CF94007B4D1A /* ContentView.swift in Sources */,
				17CAAEC8269745DC007B4D1A /* Spirograph.swift in Sources */,
				17CAAEC2269735D9007B4D1A /* ColorCyclingCircle.swift in Sources */,
				17CAAEB12695CF94007B4D1A /* DrawingApp.swift in Sources */,
				17CAAEC026972EC0007B4D1A /* Flower.swift in Sources */,
			);
			runOnlyForDeploymentPostprocessing = 0;
		};
/* End PBXSourcesBuildPhase section */

/* Begin XCBuildConfiguration section */
		17CAAEBA2695CF98007B4D1A /* Debug */ = {
			isa = XCBuildConfiguration;
			buildSettings = {
				ALWAYS_SEARCH_USER_PATHS = NO;
				CLANG_ANALYZER_NONNULL = YES;
				CLANG_ANALYZER_NUMBER_OBJECT_CONVERSION = YES_AGGRESSIVE;
				CLANG_CXX_LANGUAGE_STANDARD = "gnu++14";
				CLANG_CXX_LIBRARY = "libc++";
				CLANG_ENABLE_MODULES = YES;
				CLANG_ENABLE_OBJC_ARC = YES;
				CLANG_ENABLE_OBJC_WEAK = YES;
				CLANG_WARN_BLOCK_CAPTURE_AUTORELEASING = YES;
				CLANG_WARN_BOOL_CONVERSION = YES;
				CLANG_WARN_COMMA = YES;
				CLANG_WARN_CONSTANT_CONVERSION = YES;
				CLANG_WARN_DEPRECATED_OBJC_IMPLEMENTATIONS = YES;
				CLANG_WARN_DIRECT_OBJC_ISA_USAGE = YES_ERROR;
				CLANG_WARN_DOCUMENTATION_COMMENTS = YES;
				CLANG_WARN_EMPTY_BODY = YES;
				CLANG_WARN_ENUM_CONVERSION = YES;
				CLANG_WARN_INFINITE_RECURSION = YES;
				CLANG_WARN_INT_CONVERSION = YES;
				CLANG_WARN_NON_LITERAL_NULL_CONVERSION = YES;
				CLANG_WARN_OBJC_IMPLICIT_RETAIN_SELF = YES;
				CLANG_WARN_OBJC_LITERAL_CONVERSION = YES;
				CLANG_WARN_OBJC_ROOT_CLASS = YES_ERROR;
				CLANG_WARN_QUOTED_INCLUDE_IN_FRAMEWORK_HEADER = YES;
				CLANG_WARN_RANGE_LOOP_ANALYSIS = YES;
				CLANG_WARN_STRICT_PROTOTYPES = YES;
				CLANG_WARN_SUSPICIOUS_MOVE = YES;
				CLANG_WARN_UNGUARDED_AVAILABILITY = YES_AGGRESSIVE;
				CLANG_WARN_UNREACHABLE_CODE = YES;
				CLANG_WARN__DUPLICATE_METHOD_MATCH = YES;
				COPY_PHASE_STRIP = NO;
				DEBUG_INFORMATION_FORMAT = dwarf;
				ENABLE_STRICT_OBJC_MSGSEND = YES;
				ENABLE_TESTABILITY = YES;
				GCC_C_LANGUAGE_STANDARD = gnu11;
				GCC_DYNAMIC_NO_PIC = NO;
				GCC_NO_COMMON_BLOCKS = YES;
				GCC_OPTIMIZATION_LEVEL = 0;
				GCC_PREPROCESSOR_DEFINITIONS = (
					"DEBUG=1",
					"$(inherited)",
				);
				GCC_WARN_64_TO_32_BIT_CONVERSION = YES;
				GCC_WARN_ABOUT_RETURN_TYPE = YES_ERROR;
				GCC_WARN_UNDECLARED_SELECTOR = YES;
				GCC_WARN_UNINITIALIZED_AUTOS = YES_AGGRESSIVE;
				GCC_WARN_UNUSED_FUNCTION = YES;
				GCC_WARN_UNUSED_VARIABLE = YES;
				IPHONEOS_DEPLOYMENT_TARGET = 14.5;
				MTL_ENABLE_DEBUG_INFO = INCLUDE_SOURCE;
				MTL_FAST_MATH = YES;
				ONLY_ACTIVE_ARCH = YES;
				SDKROOT = iphoneos;
				SWIFT_ACTIVE_COMPILATION_CONDITIONS = DEBUG;
				SWIFT_OPTIMIZATION_LEVEL = "-Onone";
			};
			name = Debug;
		};
		17CAAEBB2695CF98007B4D1A /* Release */ = {
			isa = XCBuildConfiguration;
			buildSettings = {
				ALWAYS_SEARCH_USER_PATHS = NO;
				CLANG_ANALYZER_NONNULL = YES;
				CLANG_ANALYZER_NUMBER_OBJECT_CONVERSION = YES_AGGRESSIVE;
				CLANG_CXX_LANGUAGE_STANDARD = "gnu++14";
				CLANG_CXX_LIBRARY = "libc++";
				CLANG_ENABLE_MODULES = YES;
				CLANG_ENABLE_OBJC_ARC = YES;
				CLANG_ENABLE_OBJC_WEAK = YES;
				CLANG_WARN_BLOCK_CAPTURE_AUTORELEASING = YES;
				CLANG_WARN_BOOL_CONVERSION = YES;
				CLANG_WARN_COMMA = YES;
				CLANG_WARN_CONSTANT_CONVERSION = YES;
				CLANG_WARN_DEPRECATED_OBJC_IMPLEMENTATIONS = YES;
				CLANG_WARN_DIRECT_OBJC_ISA_USAGE = YES_ERROR;
				CLANG_WARN_DOCUMENTATION_COMMENTS = YES;
				CLANG_WARN_EMPTY_BODY = YES;
				CLANG_WARN_ENUM_CONVERSION = YES;
				CLANG_WARN_INFINITE_RECURSION = YES;
				CLANG_WARN_INT_CONVERSION = YES;
				CLANG_WARN_NON_LITERAL_NULL_CONVERSION = YES;
				CLANG_WARN_OBJC_IMPLICIT_RETAIN_SELF = YES;
				CLANG_WARN_OBJC_LITERAL_CONVERSION = YES;
				CLANG_WARN_OBJC_ROOT_CLASS = YES_ERROR;
				CLANG_WARN_QUOTED_INCLUDE_IN_FRAMEWORK_HEADER = YES;
				CLANG_WARN_RANGE_LOOP_ANALYSIS = YES;
				CLANG_WARN_STRICT_PROTOTYPES = YES;
				CLANG_WARN_SUSPICIOUS_MOVE = YES;
				CLANG_WARN_UNGUARDED_AVAILABILITY = YES_AGGRESSIVE;
				CLANG_WARN_UNREACHABLE_CODE = YES;
				CLANG_WARN__DUPLICATE_METHOD_MATCH = YES;
				COPY_PHASE_STRIP = NO;
				DEBUG_INFORMATION_FORMAT = "dwarf-with-dsym";
				ENABLE_NS_ASSERTIONS = NO;
				ENABLE_STRICT_OBJC_MSGSEND = YES;
				GCC_C_LANGUAGE_STANDARD = gnu11;
				GCC_NO_COMMON_BLOCKS = YES;
				GCC_WARN_64_TO_32_BIT_CONVERSION = YES;
				GCC_WARN_ABOUT_RETURN_TYPE = YES_ERROR;
				GCC_WARN_UNDECLARED_SELECTOR = YES;
				GCC_WARN_UNINITIALIZED_AUTOS = YES_AGGRESSIVE;
				GCC_WARN_UNUSED_FUNCTION = YES;
				GCC_WARN_UNUSED_VARIABLE = YES;
				IPHONEOS_DEPLOYMENT_TARGET = 14.5;
				MTL_ENABLE_DEBUG_INFO = NO;
				MTL_FAST_MATH = YES;
				SDKROOT = iphoneos;
				SWIFT_COMPILATION_MODE = wholemodule;
				SWIFT_OPTIMIZATION_LEVEL = "-O";
				VALIDATE_PRODUCT = YES;
			};
			name = Release;
		};
		17CAAEBD2695CF98007B4D1A /* Debug */ = {
			isa = XCBuildConfiguration;
			buildSettings = {
				ASSETCATALOG_COMPILER_APPICON_NAME = AppIcon;
				ASSETCATALOG_COMPILER_GLOBAL_ACCENT_COLOR_NAME = AccentColor;
				CODE_SIGN_STYLE = Automatic;
				DEVELOPMENT_ASSET_PATHS = "\"Drawing/Preview Content\"";
				ENABLE_PREVIEWS = YES;
				INFOPLIST_FILE = Drawing/Info.plist;
				IPHONEOS_DEPLOYMENT_TARGET = 14.0;
				LD_RUNPATH_SEARCH_PATHS = (
					"$(inherited)",
					"@executable_path/Frameworks",
				);
				PRODUCT_BUNDLE_IDENTIFIER = co.za.dvt.Drawing;
				PRODUCT_NAME = "$(TARGET_NAME)";
				SWIFT_VERSION = 5.0;
				TARGETED_DEVICE_FAMILY = "1,2";
			};
			name = Debug;
		};
		17CAAEBE2695CF98007B4D1A /* Release */ = {
			isa = XCBuildConfiguration;
			buildSettings = {
				ASSETCATALOG_COMPILER_APPICON_NAME = AppIcon;
				ASSETCATALOG_COMPILER_GLOBAL_ACCENT_COLOR_NAME = AccentColor;
				CODE_SIGN_STYLE = Automatic;
				DEVELOPMENT_ASSET_PATHS = "\"Drawing/Preview Content\"";
				ENABLE_PREVIEWS = YES;
				INFOPLIST_FILE = Drawing/Info.plist;
				IPHONEOS_DEPLOYMENT_TARGET = 14.0;
				LD_RUNPATH_SEARCH_PATHS = (
					"$(inherited)",
					"@executable_path/Frameworks",
				);
				PRODUCT_BUNDLE_IDENTIFIER = co.za.dvt.Drawing;
				PRODUCT_NAME = "$(TARGET_NAME)";
				SWIFT_VERSION = 5.0;
				TARGETED_DEVICE_FAMILY = "1,2";
			};
			name = Release;
		};
/* End XCBuildConfiguration section */

/* Begin XCConfigurationList section */
		17CAAEA82695CF93007B4D1A /* Build configuration list for PBXProject "Drawing" */ = {
			isa = XCConfigurationList;
			buildConfigurations = (
				17CAAEBA2695CF98007B4D1A /* Debug */,
				17CAAEBB2695CF98007B4D1A /* Release */,
			);
			defaultConfigurationIsVisible = 0;
			defaultConfigurationName = Release;
		};
		17CAAEBC2695CF98007B4D1A /* Build configuration list for PBXNativeTarget "Drawing" */ = {
			isa = XCConfigurationList;
			buildConfigurations = (
				17CAAEBD2695CF98007B4D1A /* Debug */,
				17CAAEBE2695CF98007B4D1A /* Release */,
			);
			defaultConfigurationIsVisible = 0;
			defaultConfigurationName = Release;
		};
/* End XCConfigurationList section */
	};
	rootObject = 17CAAEA52695CF93007B4D1A /* Project object */;
}
