// !$*UTF8*$!
{
	archiveVersion = 1;
	classes = {
	};
	objectVersion = 50;
	objects = {

/* Begin PBXBuildFile section */
		1715761C26B83B7100FB46A4 /* Consolidation6App.swift in Sources */ = {isa = PBXBuildFile; fileRef = 1715761B26B83B7100FB46A4 /* Consolidation6App.swift */; };
		1715761E26B83B7100FB46A4 /* ContentView.swift in Sources */ = {isa = PBXBuildFile; fileRef = 1715761D26B83B7100FB46A4 /* ContentView.swift */; };
		1715762026B83B7300FB46A4 /* Assets.xcassets in Resources */ = {isa = PBXBuildFile; fileRef = 1715761F26B83B7300FB46A4 /* Assets.xcassets */; };
		1715762326B83B7300FB46A4 /* Preview Assets.xcassets in Resources */ = {isa = PBXBuildFile; fileRef = 1715762226B83B7300FB46A4 /* Preview Assets.xcassets */; };
		1715762B26B83DCF00FB46A4 /* ImagePicker.swift in Sources */ = {isa = PBXBuildFile; fileRef = 1715762A26B83DCF00FB46A4 /* ImagePicker.swift */; };
		1715763026B84C3300FB46A4 /* RememberItem.swift in Sources */ = {isa = PBXBuildFile; fileRef = 1715762F26B84C3300FB46A4 /* RememberItem.swift */; };
		1715763426B84DD500FB46A4 /* ImageNamer.swift in Sources */ = {isa = PBXBuildFile; fileRef = 1715763326B84DD500FB46A4 /* ImageNamer.swift */; };
		1715763626B874FB00FB46A4 /* DetailView.swift in Sources */ = {isa = PBXBuildFile; fileRef = 1715763526B874FB00FB46A4 /* DetailView.swift */; };
		1715764726B9A09A00FB46A4 /* LocationFetcher.swift in Sources */ = {isa = PBXBuildFile; fileRef = 1715764626B9A09A00FB46A4 /* LocationFetcher.swift */; };
		1715764926B9A21B00FB46A4 /* MKPointAnnotation-Codable.swift in Sources */ = {isa = PBXBuildFile; fileRef = 1715764826B9A21B00FB46A4 /* MKPointAnnotation-Codable.swift */; };
		1715764B26B9AE3200FB46A4 /* MapView.swift in Sources */ = {isa = PBXBuildFile; fileRef = 1715764A26B9AE3200FB46A4 /* MapView.swift */; };
/* End PBXBuildFile section */

/* Begin PBXFileReference section */
		1715761826B83B7100FB46A4 /* Consolidation6.app */ = {isa = PBXFileReference; explicitFileType = wrapper.application; includeInIndex = 0; path = Consolidation6.app; sourceTree = BUILT_PRODUCTS_DIR; };
		1715761B26B83B7100FB46A4 /* Consolidation6App.swift */ = {isa = PBXFileReference; lastKnownFileType = sourcecode.swift; path = Consolidation6App.swift; sourceTree = "<group>"; };
		1715761D26B83B7100FB46A4 /* ContentView.swift */ = {isa = PBXFileReference; lastKnownFileType = sourcecode.swift; path = ContentView.swift; sourceTree = "<group>"; };
		1715761F26B83B7300FB46A4 /* Assets.xcassets */ = {isa = PBXFileReference; lastKnownFileType = folder.assetcatalog; path = Assets.xcassets; sourceTree = "<group>"; };
		1715762226B83B7300FB46A4 /* Preview Assets.xcassets */ = {isa = PBXFileReference; lastKnownFileType = folder.assetcatalog; path = "Preview Assets.xcassets"; sourceTree = "<group>"; };
		1715762426B83B7300FB46A4 /* Info.plist */ = {isa = PBXFileReference; lastKnownFileType = text.plist.xml; path = Info.plist; sourceTree = "<group>"; };
		1715762A26B83DCF00FB46A4 /* ImagePicker.swift */ = {isa = PBXFileReference; lastKnownFileType = sourcecode.swift; path = ImagePicker.swift; sourceTree = "<group>"; };
		1715762F26B84C3300FB46A4 /* RememberItem.swift */ = {isa = PBXFileReference; lastKnownFileType = sourcecode.swift; path = RememberItem.swift; sourceTree = "<group>"; };
		1715763326B84DD500FB46A4 /* ImageNamer.swift */ = {isa = PBXFileReference; lastKnownFileType = sourcecode.swift; path = ImageNamer.swift; sourceTree = "<group>"; };
		1715763526B874FB00FB46A4 /* DetailView.swift */ = {isa = PBXFileReference; lastKnownFileType = sourcecode.swift; path = DetailView.swift; sourceTree = "<group>"; };
		1715764626B9A09A00FB46A4 /* LocationFetcher.swift */ = {isa = PBXFileReference; lastKnownFileType = sourcecode.swift; path = LocationFetcher.swift; sourceTree = "<group>"; };
		1715764826B9A21B00FB46A4 /* MKPointAnnotation-Codable.swift */ = {isa = PBXFileReference; lastKnownFileType = sourcecode.swift; path = "MKPointAnnotation-Codable.swift"; sourceTree = "<group>"; };
		1715764A26B9AE3200FB46A4 /* MapView.swift */ = {isa = PBXFileReference; lastKnownFileType = sourcecode.swift; path = MapView.swift; sourceTree = "<group>"; };
/* End PBXFileReference section */

/* Begin PBXFrameworksBuildPhase section */
		1715761526B83B7100FB46A4 /* Frameworks */ = {
			isa = PBXFrameworksBuildPhase;
			buildActionMask = 2147483647;
			files = (
			);
			runOnlyForDeploymentPostprocessing = 0;
		};
/* End PBXFrameworksBuildPhase section */

/* Begin PBXGroup section */
		1715760F26B83B7100FB46A4 = {
			isa = PBXGroup;
			children = (
				1715761A26B83B7100FB46A4 /* Consolidation6 */,
				1715761926B83B7100FB46A4 /* Products */,
			);
			sourceTree = "<group>";
		};
		1715761926B83B7100FB46A4 /* Products */ = {
			isa = PBXGroup;
			children = (
				1715761826B83B7100FB46A4 /* Consolidation6.app */,
			);
			name = Products;
			sourceTree = "<group>";
		};
		1715761A26B83B7100FB46A4 /* Consolidation6 */ = {
			isa = PBXGroup;
			children = (
				1715761B26B83B7100FB46A4 /* Consolidation6App.swift */,
				1715761D26B83B7100FB46A4 /* ContentView.swift */,
				1715761F26B83B7300FB46A4 /* Assets.xcassets */,
				1715762426B83B7300FB46A4 /* Info.plist */,
				1715762126B83B7300FB46A4 /* Preview Content */,
				1715762A26B83DCF00FB46A4 /* ImagePicker.swift */,
				1715762F26B84C3300FB46A4 /* RememberItem.swift */,
				1715763326B84DD500FB46A4 /* ImageNamer.swift */,
				1715763526B874FB00FB46A4 /* DetailView.swift */,
				1715764626B9A09A00FB46A4 /* LocationFetcher.swift */,
				1715764826B9A21B00FB46A4 /* MKPointAnnotation-Codable.swift */,
				1715764A26B9AE3200FB46A4 /* MapView.swift */,
			);
			path = Consolidation6;
			sourceTree = "<group>";
		};
		1715762126B83B7300FB46A4 /* Preview Content */ = {
			isa = PBXGroup;
			children = (
				1715762226B83B7300FB46A4 /* Preview Assets.xcassets */,
			);
			path = "Preview Content";
			sourceTree = "<group>";
		};
/* End PBXGroup section */

/* Begin PBXNativeTarget section */
		1715761726B83B7100FB46A4 /* Consolidation6 */ = {
			isa = PBXNativeTarget;
			buildConfigurationList = 1715762726B83B7300FB46A4 /* Build configuration list for PBXNativeTarget "Consolidation6" */;
			buildPhases = (
				1715761426B83B7100FB46A4 /* Sources */,
				1715761526B83B7100FB46A4 /* Frameworks */,
				1715761626B83B7100FB46A4 /* Resources */,
			);
			buildRules = (
			);
			dependencies = (
			);
			name = Consolidation6;
			productName = Consolidation6;
			productReference = 1715761826B83B7100FB46A4 /* Consolidation6.app */;
			productType = "com.apple.product-type.application";
		};
/* End PBXNativeTarget section */

/* Begin PBXProject section */
		1715761026B83B7100FB46A4 /* Project object */ = {
			isa = PBXProject;
			attributes = {
				LastSwiftUpdateCheck = 1250;
				LastUpgradeCheck = 1250;
				TargetAttributes = {
					1715761726B83B7100FB46A4 = {
						CreatedOnToolsVersion = 12.5.1;
					};
				};
			};
			buildConfigurationList = 1715761326B83B7100FB46A4 /* Build configuration list for PBXProject "Consolidation6" */;
			compatibilityVersion = "Xcode 9.3";
			developmentRegion = en;
			hasScannedForEncodings = 0;
			knownRegions = (
				en,
				Base,
			);
			mainGroup = 1715760F26B83B7100FB46A4;
			productRefGroup = 1715761926B83B7100FB46A4 /* Products */;
			projectDirPath = "";
			projectRoot = "";
			targets = (
				1715761726B83B7100FB46A4 /* Consolidation6 */,
			);
		};
/* End PBXProject section */

/* Begin PBXResourcesBuildPhase section */
		1715761626B83B7100FB46A4 /* Resources */ = {
			isa = PBXResourcesBuildPhase;
			buildActionMask = 2147483647;
			files = (
				1715762326B83B7300FB46A4 /* Preview Assets.xcassets in Resources */,
				1715762026B83B7300FB46A4 /* Assets.xcassets in Resources */,
			);
			runOnlyForDeploymentPostprocessing = 0;
		};
/* End PBXResourcesBuildPhase section */

/* Begin PBXSourcesBuildPhase section */
		1715761426B83B7100FB46A4 /* Sources */ = {
			isa = PBXSourcesBuildPhase;
			buildActionMask = 2147483647;
			files = (
				1715762B26B83DCF00FB46A4 /* ImagePicker.swift in Sources */,
				1715763626B874FB00FB46A4 /* DetailView.swift in Sources */,
				1715761E26B83B7100FB46A4 /* ContentView.swift in Sources */,
				1715764726B9A09A00FB46A4 /* LocationFetcher.swift in Sources */,
				1715761C26B83B7100FB46A4 /* Consolidation6App.swift in Sources */,
				1715763026B84C3300FB46A4 /* RememberItem.swift in Sources */,
				1715764926B9A21B00FB46A4 /* MKPointAnnotation-Codable.swift in Sources */,
				1715764B26B9AE3200FB46A4 /* MapView.swift in Sources */,
				1715763426B84DD500FB46A4 /* ImageNamer.swift in Sources */,
			);
			runOnlyForDeploymentPostprocessing = 0;
		};
/* End PBXSourcesBuildPhase section */

/* Begin XCBuildConfiguration section */
		1715762526B83B7300FB46A4 /* Debug */ = {
			isa = XCBuildConfiguration;
			buildSettings = {
				ALWAYS_SEARCH_USER_PATHS = NO;
				CLANG_ANALYZER_NONNULL = YES;
				CLANG_ANALYZER_NUMBER_OBJECT_CONVERSION = YES_AGGRESSIVE;
				CLANG_CXX_LANGUAGE_STANDARD = "gnu++14";
				CLANG_CXX_LIBRARY = "libc++";
				CLANG_ENABLE_MODULES = YES;
				CLANG_ENABLE_OBJC_ARC = YES;
				CLANG_ENABLE_OBJC_WEAK = YES;
				CLANG_WARN_BLOCK_CAPTURE_AUTORELEASING = YES;
				CLANG_WARN_BOOL_CONVERSION = YES;
				CLANG_WARN_COMMA = YES;
				CLANG_WARN_CONSTANT_CONVERSION = YES;
				CLANG_WARN_DEPRECATED_OBJC_IMPLEMENTATIONS = YES;
				CLANG_WARN_DIRECT_OBJC_ISA_USAGE = YES_ERROR;
				CLANG_WARN_DOCUMENTATION_COMMENTS = YES;
				CLANG_WARN_EMPTY_BODY = YES;
				CLANG_WARN_ENUM_CONVERSION = YES;
				CLANG_WARN_INFINITE_RECURSION = YES;
				CLANG_WARN_INT_CONVERSION = YES;
				CLANG_WARN_NON_LITERAL_NULL_CONVERSION = YES;
				CLANG_WARN_OBJC_IMPLICIT_RETAIN_SELF = YES;
				CLANG_WARN_OBJC_LITERAL_CONVERSION = YES;
				CLANG_WARN_OBJC_ROOT_CLASS = YES_ERROR;
				CLANG_WARN_QUOTED_INCLUDE_IN_FRAMEWORK_HEADER = YES;
				CLANG_WARN_RANGE_LOOP_ANALYSIS = YES;
				CLANG_WARN_STRICT_PROTOTYPES = YES;
				CLANG_WARN_SUSPICIOUS_MOVE = YES;
				CLANG_WARN_UNGUARDED_AVAILABILITY = YES_AGGRESSIVE;
				CLANG_WARN_UNREACHABLE_CODE = YES;
				CLANG_WARN__DUPLICATE_METHOD_MATCH = YES;
				COPY_PHASE_STRIP = NO;
				DEBUG_INFORMATION_FORMAT = dwarf;
				ENABLE_STRICT_OBJC_MSGSEND = YES;
				ENABLE_TESTABILITY = YES;
				GCC_C_LANGUAGE_STANDARD = gnu11;
				GCC_DYNAMIC_NO_PIC = NO;
				GCC_NO_COMMON_BLOCKS = YES;
				GCC_OPTIMIZATION_LEVEL = 0;
				GCC_PREPROCESSOR_DEFINITIONS = (
					"DEBUG=1",
					"$(inherited)",
				);
				GCC_WARN_64_TO_32_BIT_CONVERSION = YES;
				GCC_WARN_ABOUT_RETURN_TYPE = YES_ERROR;
				GCC_WARN_UNDECLARED_SELECTOR = YES;
				GCC_WARN_UNINITIALIZED_AUTOS = YES_AGGRESSIVE;
				GCC_WARN_UNUSED_FUNCTION = YES;
				GCC_WARN_UNUSED_VARIABLE = YES;
				IPHONEOS_DEPLOYMENT_TARGET = 14.5;
				MTL_ENABLE_DEBUG_INFO = INCLUDE_SOURCE;
				MTL_FAST_MATH = YES;
				ONLY_ACTIVE_ARCH = YES;
				SDKROOT = iphoneos;
				SWIFT_ACTIVE_COMPILATION_CONDITIONS = DEBUG;
				SWIFT_OPTIMIZATION_LEVEL = "-Onone";
			};
			name = Debug;
		};
		1715762626B83B7300FB46A4 /* Release */ = {
			isa = XCBuildConfiguration;
			buildSettings = {
				ALWAYS_SEARCH_USER_PATHS = NO;
				CLANG_ANALYZER_NONNULL = YES;
				CLANG_ANALYZER_NUMBER_OBJECT_CONVERSION = YES_AGGRESSIVE;
				CLANG_CXX_LANGUAGE_STANDARD = "gnu++14";
				CLANG_CXX_LIBRARY = "libc++";
				CLANG_ENABLE_MODULES = YES;
				CLANG_ENABLE_OBJC_ARC = YES;
				CLANG_ENABLE_OBJC_WEAK = YES;
				CLANG_WARN_BLOCK_CAPTURE_AUTORELEASING = YES;
				CLANG_WARN_BOOL_CONVERSION = YES;
				CLANG_WARN_COMMA = YES;
				CLANG_WARN_CONSTANT_CONVERSION = YES;
				CLANG_WARN_DEPRECATED_OBJC_IMPLEMENTATIONS = YES;
				CLANG_WARN_DIRECT_OBJC_ISA_USAGE = YES_ERROR;
				CLANG_WARN_DOCUMENTATION_COMMENTS = YES;
				CLANG_WARN_EMPTY_BODY = YES;
				CLANG_WARN_ENUM_CONVERSION = YES;
				CLANG_WARN_INFINITE_RECURSION = YES;
				CLANG_WARN_INT_CONVERSION = YES;
				CLANG_WARN_NON_LITERAL_NULL_CONVERSION = YES;
				CLANG_WARN_OBJC_IMPLICIT_RETAIN_SELF = YES;
				CLANG_WARN_OBJC_LITERAL_CONVERSION = YES;
				CLANG_WARN_OBJC_ROOT_CLASS = YES_ERROR;
				CLANG_WARN_QUOTED_INCLUDE_IN_FRAMEWORK_HEADER = YES;
				CLANG_WARN_RANGE_LOOP_ANALYSIS = YES;
				CLANG_WARN_STRICT_PROTOTYPES = YES;
				CLANG_WARN_SUSPICIOUS_MOVE = YES;
				CLANG_WARN_UNGUARDED_AVAILABILITY = YES_AGGRESSIVE;
				CLANG_WARN_UNREACHABLE_CODE = YES;
				CLANG_WARN__DUPLICATE_METHOD_MATCH = YES;
				COPY_PHASE_STRIP = NO;
				DEBUG_INFORMATION_FORMAT = "dwarf-with-dsym";
				ENABLE_NS_ASSERTIONS = NO;
				ENABLE_STRICT_OBJC_MSGSEND = YES;
				GCC_C_LANGUAGE_STANDARD = gnu11;
				GCC_NO_COMMON_BLOCKS = YES;
				GCC_WARN_64_TO_32_BIT_CONVERSION = YES;
				GCC_WARN_ABOUT_RETURN_TYPE = YES_ERROR;
				GCC_WARN_UNDECLARED_SELECTOR = YES;
				GCC_WARN_UNINITIALIZED_AUTOS = YES_AGGRESSIVE;
				GCC_WARN_UNUSED_FUNCTION = YES;
				GCC_WARN_UNUSED_VARIABLE = YES;
				IPHONEOS_DEPLOYMENT_TARGET = 14.5;
				MTL_ENABLE_DEBUG_INFO = NO;
				MTL_FAST_MATH = YES;
				SDKROOT = iphoneos;
				SWIFT_COMPILATION_MODE = wholemodule;
				SWIFT_OPTIMIZATION_LEVEL = "-O";
				VALIDATE_PRODUCT = YES;
			};
			name = Release;
		};
		1715762826B83B7300FB46A4 /* Debug */ = {
			isa = XCBuildConfiguration;
			buildSettings = {
				ASSETCATALOG_COMPILER_APPICON_NAME = AppIcon;
				ASSETCATALOG_COMPILER_GLOBAL_ACCENT_COLOR_NAME = AccentColor;
				CODE_SIGN_STYLE = Automatic;
				DEVELOPMENT_ASSET_PATHS = "\"Consolidation6/Preview Content\"";
				ENABLE_PREVIEWS = YES;
				INFOPLIST_FILE = Consolidation6/Info.plist;
				IPHONEOS_DEPLOYMENT_TARGET = 14.0;
				LD_RUNPATH_SEARCH_PATHS = (
					"$(inherited)",
					"@executable_path/Frameworks",
				);
				PRODUCT_BUNDLE_IDENTIFIER = co.za.dvt.Consolidation6;
				PRODUCT_NAME = "$(TARGET_NAME)";
				SWIFT_VERSION = 5.0;
				TARGETED_DEVICE_FAMILY = "1,2";
			};
			name = Debug;
		};
		1715762926B83B7300FB46A4 /* Release */ = {
			isa = XCBuildConfiguration;
			buildSettings = {
				ASSETCATALOG_COMPILER_APPICON_NAME = AppIcon;
				ASSETCATALOG_COMPILER_GLOBAL_ACCENT_COLOR_NAME = AccentColor;
				CODE_SIGN_STYLE = Automatic;
				DEVELOPMENT_ASSET_PATHS = "\"Consolidation6/Preview Content\"";
				ENABLE_PREVIEWS = YES;
				INFOPLIST_FILE = Consolidation6/Info.plist;
				IPHONEOS_DEPLOYMENT_TARGET = 14.0;
				LD_RUNPATH_SEARCH_PATHS = (
					"$(inherited)",
					"@executable_path/Frameworks",
				);
				PRODUCT_BUNDLE_IDENTIFIER = co.za.dvt.Consolidation6;
				PRODUCT_NAME = "$(TARGET_NAME)";
				SWIFT_VERSION = 5.0;
				TARGETED_DEVICE_FAMILY = "1,2";
			};
			name = Release;
		};
/* End XCBuildConfiguration section */

/* Begin XCConfigurationList section */
		1715761326B83B7100FB46A4 /* Build configuration list for PBXProject "Consolidation6" */ = {
			isa = XCConfigurationList;
			buildConfigurations = (
				1715762526B83B7300FB46A4 /* Debug */,
				1715762626B83B7300FB46A4 /* Release */,
			);
			defaultConfigurationIsVisible = 0;
			defaultConfigurationName = Release;
		};
		1715762726B83B7300FB46A4 /* Build configuration list for PBXNativeTarget "Consolidation6" */ = {
			isa = XCConfigurationList;
			buildConfigurations = (
				1715762826B83B7300FB46A4 /* Debug */,
				1715762926B83B7300FB46A4 /* Release */,
			);
			defaultConfigurationIsVisible = 0;
			defaultConfigurationName = Release;
		};
/* End XCConfigurationList section */
	};
	rootObject = 1715761026B83B7100FB46A4 /* Project object */;
}
