// !$*UTF8*$!
{
	archiveVersion = 1;
	classes = {
	};
	objectVersion = 50;
	objects = {

/* Begin PBXBuildFile section */
		17B47B5E26AB5F1C00953236 /* DataConsolidationApp.swift in Sources */ = {isa = PBXBuildFile; fileRef = 17B47B5D26AB5F1C00953236 /* DataConsolidationApp.swift */; };
		17B47B6026AB5F1C00953236 /* ContentView.swift in Sources */ = {isa = PBXBuildFile; fileRef = 17B47B5F26AB5F1C00953236 /* ContentView.swift */; };
		17B47B6226AB5F1F00953236 /* Assets.xcassets in Resources */ = {isa = PBXBuildFile; fileRef = 17B47B6126AB5F1F00953236 /* Assets.xcassets */; };
		17B47B6526AB5F1F00953236 /* Preview Assets.xcassets in Resources */ = {isa = PBXBuildFile; fileRef = 17B47B6426AB5F1F00953236 /* Preview Assets.xcassets */; };
		17B47B6726AB5F1F00953236 /* Persistence.swift in Sources */ = {isa = PBXBuildFile; fileRef = 17B47B6626AB5F1F00953236 /* Persistence.swift */; };
		17B47B6A26AB5F1F00953236 /* DataConsolidation.xcdatamodeld in Sources */ = {isa = PBXBuildFile; fileRef = 17B47B6826AB5F1F00953236 /* DataConsolidation.xcdatamodeld */; };
		17B47B7226AB629100953236 /* Model.swift in Sources */ = {isa = PBXBuildFile; fileRef = 17B47B7126AB629100953236 /* Model.swift */; };
		17B47B7426AB65FE00953236 /* UserDetailView.swift in Sources */ = {isa = PBXBuildFile; fileRef = 17B47B7326AB65FE00953236 /* UserDetailView.swift */; };
		17B47B7E26AB6CCE00953236 /* Friend+CoreDataClass.swift in Sources */ = {isa = PBXBuildFile; fileRef = 17B47B7A26AB6CCE00953236 /* Friend+CoreDataClass.swift */; };
		17B47B7F26AB6CCE00953236 /* Friend+CoreDataProperties.swift in Sources */ = {isa = PBXBuildFile; fileRef = 17B47B7B26AB6CCE00953236 /* Friend+CoreDataProperties.swift */; };
		17B47B8426AB745200953236 /* User+CoreDataClass.swift in Sources */ = {isa = PBXBuildFile; fileRef = 17B47B8226AB745200953236 /* User+CoreDataClass.swift */; };
		17B47B8526AB745200953236 /* User+CoreDataProperties.swift in Sources */ = {isa = PBXBuildFile; fileRef = 17B47B8326AB745200953236 /* User+CoreDataProperties.swift */; };
/* End PBXBuildFile section */

/* Begin PBXFileReference section */
		17B47B5A26AB5F1C00953236 /* DataConsolidation.app */ = {isa = PBXFileReference; explicitFileType = wrapper.application; includeInIndex = 0; path = DataConsolidation.app; sourceTree = BUILT_PRODUCTS_DIR; };
		17B47B5D26AB5F1C00953236 /* DataConsolidationApp.swift */ = {isa = PBXFileReference; lastKnownFileType = sourcecode.swift; path = DataConsolidationApp.swift; sourceTree = "<group>"; };
		17B47B5F26AB5F1C00953236 /* ContentView.swift */ = {isa = PBXFileReference; lastKnownFileType = sourcecode.swift; path = ContentView.swift; sourceTree = "<group>"; };
		17B47B6126AB5F1F00953236 /* Assets.xcassets */ = {isa = PBXFileReference; lastKnownFileType = folder.assetcatalog; path = Assets.xcassets; sourceTree = "<group>"; };
		17B47B6426AB5F1F00953236 /* Preview Assets.xcassets */ = {isa = PBXFileReference; lastKnownFileType = folder.assetcatalog; path = "Preview Assets.xcassets"; sourceTree = "<group>"; };
		17B47B6626AB5F1F00953236 /* Persistence.swift */ = {isa = PBXFileReference; lastKnownFileType = sourcecode.swift; path = Persistence.swift; sourceTree = "<group>"; };
		17B47B6926AB5F1F00953236 /* DataConsolidation.xcdatamodel */ = {isa = PBXFileReference; lastKnownFileType = wrapper.xcdatamodel; path = DataConsolidation.xcdatamodel; sourceTree = "<group>"; };
		17B47B6B26AB5F1F00953236 /* Info.plist */ = {isa = PBXFileReference; lastKnownFileType = text.plist.xml; path = Info.plist; sourceTree = "<group>"; };
		17B47B7126AB629100953236 /* Model.swift */ = {isa = PBXFileReference; lastKnownFileType = sourcecode.swift; path = Model.swift; sourceTree = "<group>"; };
		17B47B7326AB65FE00953236 /* UserDetailView.swift */ = {isa = PBXFileReference; lastKnownFileType = sourcecode.swift; path = UserDetailView.swift; sourceTree = "<group>"; };
		17B47B7A26AB6CCE00953236 /* Friend+CoreDataClass.swift */ = {isa = PBXFileReference; lastKnownFileType = sourcecode.swift; path = "Friend+CoreDataClass.swift"; sourceTree = "<group>"; };
		17B47B7B26AB6CCE00953236 /* Friend+CoreDataProperties.swift */ = {isa = PBXFileReference; lastKnownFileType = sourcecode.swift; path = "Friend+CoreDataProperties.swift"; sourceTree = "<group>"; };
		17B47B8226AB745200953236 /* User+CoreDataClass.swift */ = {isa = PBXFileReference; lastKnownFileType = sourcecode.swift; path = "User+CoreDataClass.swift"; sourceTree = "<group>"; };
		17B47B8326AB745200953236 /* User+CoreDataProperties.swift */ = {isa = PBXFileReference; lastKnownFileType = sourcecode.swift; path = "User+CoreDataProperties.swift"; sourceTree = "<group>"; };
/* End PBXFileReference section */

/* Begin PBXFrameworksBuildPhase section */
		17B47B5726AB5F1C00953236 /* Frameworks */ = {
			isa = PBXFrameworksBuildPhase;
			buildActionMask = 2147483647;
			files = (
			);
			runOnlyForDeploymentPostprocessing = 0;
		};
/* End PBXFrameworksBuildPhase section */

/* Begin PBXGroup section */
		17B47B5126AB5F1C00953236 = {
			isa = PBXGroup;
			children = (
				17B47B5C26AB5F1C00953236 /* DataConsolidation */,
				17B47B5B26AB5F1C00953236 /* Products */,
			);
			sourceTree = "<group>";
		};
		17B47B5B26AB5F1C00953236 /* Products */ = {
			isa = PBXGroup;
			children = (
				17B47B5A26AB5F1C00953236 /* DataConsolidation.app */,
			);
			name = Products;
			sourceTree = "<group>";
		};
		17B47B5C26AB5F1C00953236 /* DataConsolidation */ = {
			isa = PBXGroup;
			children = (
				17B47B7926AB6B8300953236 /* Data Models */,
				17B47B5D26AB5F1C00953236 /* DataConsolidationApp.swift */,
				17B47B5F26AB5F1C00953236 /* ContentView.swift */,
				17B47B6126AB5F1F00953236 /* Assets.xcassets */,
				17B47B6626AB5F1F00953236 /* Persistence.swift */,
				17B47B6B26AB5F1F00953236 /* Info.plist */,
				17B47B6826AB5F1F00953236 /* DataConsolidation.xcdatamodeld */,
				17B47B6326AB5F1F00953236 /* Preview Content */,
				17B47B7126AB629100953236 /* Model.swift */,
				17B47B7326AB65FE00953236 /* UserDetailView.swift */,
			);
			path = DataConsolidation;
			sourceTree = "<group>";
		};
		17B47B6326AB5F1F00953236 /* Preview Content */ = {
			isa = PBXGroup;
			children = (
				17B47B6426AB5F1F00953236 /* Preview Assets.xcassets */,
			);
			path = "Preview Content";
			sourceTree = "<group>";
		};
		17B47B7926AB6B8300953236 /* Data Models */ = {
			isa = PBXGroup;
			children = (
				17B47B8226AB745200953236 /* User+CoreDataClass.swift */,
				17B47B8326AB745200953236 /* User+CoreDataProperties.swift */,
				17B47B7A26AB6CCE00953236 /* Friend+CoreDataClass.swift */,
				17B47B7B26AB6CCE00953236 /* Friend+CoreDataProperties.swift */,
			);
			path = "Data Models";
			sourceTree = "<group>";
		};
/* End PBXGroup section */

/* Begin PBXNativeTarget section */
		17B47B5926AB5F1C00953236 /* DataConsolidation */ = {
			isa = PBXNativeTarget;
			buildConfigurationList = 17B47B6E26AB5F1F00953236 /* Build configuration list for PBXNativeTarget "DataConsolidation" */;
			buildPhases = (
				17B47B5626AB5F1C00953236 /* Sources */,
				17B47B5726AB5F1C00953236 /* Frameworks */,
				17B47B5826AB5F1C00953236 /* Resources */,
			);
			buildRules = (
			);
			dependencies = (
			);
			name = DataConsolidation;
			productName = DataConsolidation;
			productReference = 17B47B5A26AB5F1C00953236 /* DataConsolidation.app */;
			productType = "com.apple.product-type.application";
		};
/* End PBXNativeTarget section */

/* Begin PBXProject section */
		17B47B5226AB5F1C00953236 /* Project object */ = {
			isa = PBXProject;
			attributes = {
				LastSwiftUpdateCheck = 1250;
				LastUpgradeCheck = 1250;
				TargetAttributes = {
					17B47B5926AB5F1C00953236 = {
						CreatedOnToolsVersion = 12.5.1;
					};
				};
			};
			buildConfigurationList = 17B47B5526AB5F1C00953236 /* Build configuration list for PBXProject "DataConsolidation" */;
			compatibilityVersion = "Xcode 9.3";
			developmentRegion = en;
			hasScannedForEncodings = 0;
			knownRegions = (
				en,
				Base,
			);
			mainGroup = 17B47B5126AB5F1C00953236;
			productRefGroup = 17B47B5B26AB5F1C00953236 /* Products */;
			projectDirPath = "";
			projectRoot = "";
			targets = (
				17B47B5926AB5F1C00953236 /* DataConsolidation */,
			);
		};
/* End PBXProject section */

/* Begin PBXResourcesBuildPhase section */
		17B47B5826AB5F1C00953236 /* Resources */ = {
			isa = PBXResourcesBuildPhase;
			buildActionMask = 2147483647;
			files = (
				17B47B6526AB5F1F00953236 /* Preview Assets.xcassets in Resources */,
				17B47B6226AB5F1F00953236 /* Assets.xcassets in Resources */,
			);
			runOnlyForDeploymentPostprocessing = 0;
		};
/* End PBXResourcesBuildPhase section */

/* Begin PBXSourcesBuildPhase section */
		17B47B5626AB5F1C00953236 /* Sources */ = {
			isa = PBXSourcesBuildPhase;
			buildActionMask = 2147483647;
			files = (
				17B47B7226AB629100953236 /* Model.swift in Sources */,
				17B47B6726AB5F1F00953236 /* Persistence.swift in Sources */,
				17B47B6026AB5F1C00953236 /* ContentView.swift in Sources */,
				17B47B6A26AB5F1F00953236 /* DataConsolidation.xcdatamodeld in Sources */,
				17B47B7426AB65FE00953236 /* UserDetailView.swift in Sources */,
				17B47B8426AB745200953236 /* User+CoreDataClass.swift in Sources */,
				17B47B7F26AB6CCE00953236 /* Friend+CoreDataProperties.swift in Sources */,
				17B47B7E26AB6CCE00953236 /* Friend+CoreDataClass.swift in Sources */,
				17B47B8526AB745200953236 /* User+CoreDataProperties.swift in Sources */,
				17B47B5E26AB5F1C00953236 /* DataConsolidationApp.swift in Sources */,
			);
			runOnlyForDeploymentPostprocessing = 0;
		};
/* End PBXSourcesBuildPhase section */

/* Begin XCBuildConfiguration section */
		17B47B6C26AB5F1F00953236 /* Debug */ = {
			isa = XCBuildConfiguration;
			buildSettings = {
				ALWAYS_SEARCH_USER_PATHS = NO;
				CLANG_ANALYZER_NONNULL = YES;
				CLANG_ANALYZER_NUMBER_OBJECT_CONVERSION = YES_AGGRESSIVE;
				CLANG_CXX_LANGUAGE_STANDARD = "gnu++14";
				CLANG_CXX_LIBRARY = "libc++";
				CLANG_ENABLE_MODULES = YES;
				CLANG_ENABLE_OBJC_ARC = YES;
				CLANG_ENABLE_OBJC_WEAK = YES;
				CLANG_WARN_BLOCK_CAPTURE_AUTORELEASING = YES;
				CLANG_WARN_BOOL_CONVERSION = YES;
				CLANG_WARN_COMMA = YES;
				CLANG_WARN_CONSTANT_CONVERSION = YES;
				CLANG_WARN_DEPRECATED_OBJC_IMPLEMENTATIONS = YES;
				CLANG_WARN_DIRECT_OBJC_ISA_USAGE = YES_ERROR;
				CLANG_WARN_DOCUMENTATION_COMMENTS = YES;
				CLANG_WARN_EMPTY_BODY = YES;
				CLANG_WARN_ENUM_CONVERSION = YES;
				CLANG_WARN_INFINITE_RECURSION = YES;
				CLANG_WARN_INT_CONVERSION = YES;
				CLANG_WARN_NON_LITERAL_NULL_CONVERSION = YES;
				CLANG_WARN_OBJC_IMPLICIT_RETAIN_SELF = YES;
				CLANG_WARN_OBJC_LITERAL_CONVERSION = YES;
				CLANG_WARN_OBJC_ROOT_CLASS = YES_ERROR;
				CLANG_WARN_QUOTED_INCLUDE_IN_FRAMEWORK_HEADER = YES;
				CLANG_WARN_RANGE_LOOP_ANALYSIS = YES;
				CLANG_WARN_STRICT_PROTOTYPES = YES;
				CLANG_WARN_SUSPICIOUS_MOVE = YES;
				CLANG_WARN_UNGUARDED_AVAILABILITY = YES_AGGRESSIVE;
				CLANG_WARN_UNREACHABLE_CODE = YES;
				CLANG_WARN__DUPLICATE_METHOD_MATCH = YES;
				COPY_PHASE_STRIP = NO;
				DEBUG_INFORMATION_FORMAT = dwarf;
				ENABLE_STRICT_OBJC_MSGSEND = YES;
				ENABLE_TESTABILITY = YES;
				GCC_C_LANGUAGE_STANDARD = gnu11;
				GCC_DYNAMIC_NO_PIC = NO;
				GCC_NO_COMMON_BLOCKS = YES;
				GCC_OPTIMIZATION_LEVEL = 0;
				GCC_PREPROCESSOR_DEFINITIONS = (
					"DEBUG=1",
					"$(inherited)",
				);
				GCC_WARN_64_TO_32_BIT_CONVERSION = YES;
				GCC_WARN_ABOUT_RETURN_TYPE = YES_ERROR;
				GCC_WARN_UNDECLARED_SELECTOR = YES;
				GCC_WARN_UNINITIALIZED_AUTOS = YES_AGGRESSIVE;
				GCC_WARN_UNUSED_FUNCTION = YES;
				GCC_WARN_UNUSED_VARIABLE = YES;
				IPHONEOS_DEPLOYMENT_TARGET = 14.5;
				MTL_ENABLE_DEBUG_INFO = INCLUDE_SOURCE;
				MTL_FAST_MATH = YES;
				ONLY_ACTIVE_ARCH = YES;
				SDKROOT = iphoneos;
				SWIFT_ACTIVE_COMPILATION_CONDITIONS = DEBUG;
				SWIFT_OPTIMIZATION_LEVEL = "-Onone";
			};
			name = Debug;
		};
		17B47B6D26AB5F1F00953236 /* Release */ = {
			isa = XCBuildConfiguration;
			buildSettings = {
				ALWAYS_SEARCH_USER_PATHS = NO;
				CLANG_ANALYZER_NONNULL = YES;
				CLANG_ANALYZER_NUMBER_OBJECT_CONVERSION = YES_AGGRESSIVE;
				CLANG_CXX_LANGUAGE_STANDARD = "gnu++14";
				CLANG_CXX_LIBRARY = "libc++";
				CLANG_ENABLE_MODULES = YES;
				CLANG_ENABLE_OBJC_ARC = YES;
				CLANG_ENABLE_OBJC_WEAK = YES;
				CLANG_WARN_BLOCK_CAPTURE_AUTORELEASING = YES;
				CLANG_WARN_BOOL_CONVERSION = YES;
				CLANG_WARN_COMMA = YES;
				CLANG_WARN_CONSTANT_CONVERSION = YES;
				CLANG_WARN_DEPRECATED_OBJC_IMPLEMENTATIONS = YES;
				CLANG_WARN_DIRECT_OBJC_ISA_USAGE = YES_ERROR;
				CLANG_WARN_DOCUMENTATION_COMMENTS = YES;
				CLANG_WARN_EMPTY_BODY = YES;
				CLANG_WARN_ENUM_CONVERSION = YES;
				CLANG_WARN_INFINITE_RECURSION = YES;
				CLANG_WARN_INT_CONVERSION = YES;
				CLANG_WARN_NON_LITERAL_NULL_CONVERSION = YES;
				CLANG_WARN_OBJC_IMPLICIT_RETAIN_SELF = YES;
				CLANG_WARN_OBJC_LITERAL_CONVERSION = YES;
				CLANG_WARN_OBJC_ROOT_CLASS = YES_ERROR;
				CLANG_WARN_QUOTED_INCLUDE_IN_FRAMEWORK_HEADER = YES;
				CLANG_WARN_RANGE_LOOP_ANALYSIS = YES;
				CLANG_WARN_STRICT_PROTOTYPES = YES;
				CLANG_WARN_SUSPICIOUS_MOVE = YES;
				CLANG_WARN_UNGUARDED_AVAILABILITY = YES_AGGRESSIVE;
				CLANG_WARN_UNREACHABLE_CODE = YES;
				CLANG_WARN__DUPLICATE_METHOD_MATCH = YES;
				COPY_PHASE_STRIP = NO;
				DEBUG_INFORMATION_FORMAT = "dwarf-with-dsym";
				ENABLE_NS_ASSERTIONS = NO;
				ENABLE_STRICT_OBJC_MSGSEND = YES;
				GCC_C_LANGUAGE_STANDARD = gnu11;
				GCC_NO_COMMON_BLOCKS = YES;
				GCC_WARN_64_TO_32_BIT_CONVERSION = YES;
				GCC_WARN_ABOUT_RETURN_TYPE = YES_ERROR;
				GCC_WARN_UNDECLARED_SELECTOR = YES;
				GCC_WARN_UNINITIALIZED_AUTOS = YES_AGGRESSIVE;
				GCC_WARN_UNUSED_FUNCTION = YES;
				GCC_WARN_UNUSED_VARIABLE = YES;
				IPHONEOS_DEPLOYMENT_TARGET = 14.5;
				MTL_ENABLE_DEBUG_INFO = NO;
				MTL_FAST_MATH = YES;
				SDKROOT = iphoneos;
				SWIFT_COMPILATION_MODE = wholemodule;
				SWIFT_OPTIMIZATION_LEVEL = "-O";
				VALIDATE_PRODUCT = YES;
			};
			name = Release;
		};
		17B47B6F26AB5F1F00953236 /* Debug */ = {
			isa = XCBuildConfiguration;
			buildSettings = {
				ASSETCATALOG_COMPILER_APPICON_NAME = AppIcon;
				ASSETCATALOG_COMPILER_GLOBAL_ACCENT_COLOR_NAME = AccentColor;
				CODE_SIGN_STYLE = Automatic;
				DEVELOPMENT_ASSET_PATHS = "\"DataConsolidation/Preview Content\"";
				ENABLE_PREVIEWS = YES;
				INFOPLIST_FILE = DataConsolidation/Info.plist;
				IPHONEOS_DEPLOYMENT_TARGET = 14.0;
				LD_RUNPATH_SEARCH_PATHS = (
					"$(inherited)",
					"@executable_path/Frameworks",
				);
				PRODUCT_BUNDLE_IDENTIFIER = co.za.dvt.DataConsolidation;
				PRODUCT_NAME = "$(TARGET_NAME)";
				SWIFT_VERSION = 5.0;
				TARGETED_DEVICE_FAMILY = "1,2";
			};
			name = Debug;
		};
		17B47B7026AB5F1F00953236 /* Release */ = {
			isa = XCBuildConfiguration;
			buildSettings = {
				ASSETCATALOG_COMPILER_APPICON_NAME = AppIcon;
				ASSETCATALOG_COMPILER_GLOBAL_ACCENT_COLOR_NAME = AccentColor;
				CODE_SIGN_STYLE = Automatic;
				DEVELOPMENT_ASSET_PATHS = "\"DataConsolidation/Preview Content\"";
				ENABLE_PREVIEWS = YES;
				INFOPLIST_FILE = DataConsolidation/Info.plist;
				IPHONEOS_DEPLOYMENT_TARGET = 14.0;
				LD_RUNPATH_SEARCH_PATHS = (
					"$(inherited)",
					"@executable_path/Frameworks",
				);
				PRODUCT_BUNDLE_IDENTIFIER = co.za.dvt.DataConsolidation;
				PRODUCT_NAME = "$(TARGET_NAME)";
				SWIFT_VERSION = 5.0;
				TARGETED_DEVICE_FAMILY = "1,2";
			};
			name = Release;
		};
/* End XCBuildConfiguration section */

/* Begin XCConfigurationList section */
		17B47B5526AB5F1C00953236 /* Build configuration list for PBXProject "DataConsolidation" */ = {
			isa = XCConfigurationList;
			buildConfigurations = (
				17B47B6C26AB5F1F00953236 /* Debug */,
				17B47B6D26AB5F1F00953236 /* Release */,
			);
			defaultConfigurationIsVisible = 0;
			defaultConfigurationName = Release;
		};
		17B47B6E26AB5F1F00953236 /* Build configuration list for PBXNativeTarget "DataConsolidation" */ = {
			isa = XCConfigurationList;
			buildConfigurations = (
				17B47B6F26AB5F1F00953236 /* Debug */,
				17B47B7026AB5F1F00953236 /* Release */,
			);
			defaultConfigurationIsVisible = 0;
			defaultConfigurationName = Release;
		};
/* End XCConfigurationList section */

/* Begin XCVersionGroup section */
		17B47B6826AB5F1F00953236 /* DataConsolidation.xcdatamodeld */ = {
			isa = XCVersionGroup;
			children = (
				17B47B6926AB5F1F00953236 /* DataConsolidation.xcdatamodel */,
			);
			currentVersion = 17B47B6926AB5F1F00953236 /* DataConsolidation.xcdatamodel */;
			path = DataConsolidation.xcdatamodeld;
			sourceTree = "<group>";
			versionGroupType = wrapper.xcdatamodel;
		};
/* End XCVersionGroup section */
	};
	rootObject = 17B47B5226AB5F1C00953236 /* Project object */;
}
